{
  "name": "omnirun-example-desktop-visual-testing",
  "version": "1.0.0",
  "lockfileVersion": 3,
  "requires": true,
  "packages": {
    "": {
      "name": "omnirun-example-desktop-visual-testing",
      "version": "1.0.0",
      "dependencies": {
        "@omnirun/sdk": "^0.6.0"
      }
    },
    "node_modules/@omnirun/sdk": {
      "version": "0.6.0",
      "resolved": "https://registry.npmjs.org/@omnirun/sdk/-/sdk-0.6.0.tgz",
      "integrity": "sha512-v1zqsyi5wtYlMZlBEro0jDsSfxxaeL6QAqTv+bbKZX5sM1ThmxU2YE+2HPbvb7nEQZxCTTPHzoyOdPZENSyHXA==",
      "license": "MIT",
      "engines": {
        "node": ">=18"
      }
    }
  }
}
